{
  "name": "public",
  "version": "1.0.0",
  "lockfileVersion": 2,
  "requires": true,
  "packages": {
    "": {
      "name": "public",
      "version": "1.0.0",
      "license": "ISC",
      "dependencies": {
        "esm": "^3.2.25",
        "mrpas": "^2.0.0",
        "phaser": "^3.55.2",
        "phaser-component-health": "^3.0.0",
        "phaser-tilemap-plus": "^0.10.2"
      }
    },
    "node_modules/esm": {
      "version": "3.2.25",
      "resolved": "https://registry.npmjs.org/esm/-/esm-3.2.25.tgz",
      "integrity": "sha512-U1suiZ2oDVWv4zPO56S0NcR5QriEahGtdN2OR6FiOG4WJvcjBVFB0qI4+eKoWFH483PKGuLuu6V8Z4T5g63UVA==",
      "engines": {
        "node": ">=6"
      }
    },
    "node_modules/eventemitter3": {
      "version": "4.0.7",
      "resolved": "https://registry.npmjs.org/eventemitter3/-/eventemitter3-4.0.7.tgz",
      "integrity": "sha512-8guHBZCwKnFhYdHr2ysuRWErTwhoN2X8XELRlrRwpmfeY2jjuUN4taQMsULKUVo1K4DvZl+0pgfyoysHxvmvEw=="
    },
    "node_modules/inherits": {
      "version": "2.0.3",
      "resolved": "https://registry.npmjs.org/inherits/-/inherits-2.0.3.tgz",
      "integrity": "sha1-Yzwsg+PaQqUC9SRmAiSA9CCCYd4="
    },
    "node_modules/lodash": {
      "version": "4.17.21",
      "resolved": "https://registry.npmjs.org/lodash/-/lodash-4.17.21.tgz",
      "integrity": "sha512-v2kDEe57lecTulaDIuNTPy3Ry4gLGJ6Z1O3vE1krgXZNrsQ+LFTGHVxVjcXPs17LhbZVGedAJv8XZ1tvj5FvSg=="
    },
    "node_modules/mrpas": {
      "version": "2.0.0",
      "resolved": "https://registry.npmjs.org/mrpas/-/mrpas-2.0.0.tgz",
      "integrity": "sha512-f9Qv0DzYzPfWAIYQWT5zswHen8YDOrQ96KjQ54Nx7Zha8oLCt0c82L/PpmXyAvMNhrciZmQGbvg+m+QaK4B7Uw=="
    },
    "node_modules/path": {
      "version": "0.12.7",
      "resolved": "https://registry.npmjs.org/path/-/path-0.12.7.tgz",
      "integrity": "sha1-1NwqUGxM4hl+tIHr/NWzbAFAsQ8=",
      "dependencies": {
        "process": "^0.11.1",
        "util": "^0.10.3"
      }
    },
    "node_modules/phaser": {
      "version": "3.55.2",
      "resolved": "https://registry.npmjs.org/phaser/-/phaser-3.55.2.tgz",
      "integrity": "sha512-amKXsbb2Ht29dGPKvt1edq3yGGYKtq8373GpJYGKPNPnneYY6MtVTOgjHDuZwtmUyK4v86FugkT3hzW/N4tjxQ==",
      "dependencies": {
        "eventemitter3": "^4.0.7",
        "path": "^0.12.7"
      }
    },
    "node_modules/phaser-ce": {
      "version": "2.19.2",
      "resolved": "https://registry.npmjs.org/phaser-ce/-/phaser-ce-2.19.2.tgz",
      "integrity": "sha512-r9xk9e8i+UmHDdgqf+LYpJ8JfbboQcj08nsBebSiTbN5iJGP27kAhiDuzS1ySISyYzMMtxGvlFq4g2ZMgKygoQ=="
    },
    "node_modules/phaser-component-health": {
      "version": "3.0.0",
      "resolved": "https://registry.npmjs.org/phaser-component-health/-/phaser-component-health-3.0.0.tgz",
      "integrity": "sha512-LWfUbTCQBoWdub/h5p3vOQDjwtqoSeQFiMxJLVsT/LvZ0avNjppLqKGn9SRFPrJFSbVLQTxICeWfG+5hyLLiYw==",
      "peerDependencies": {
        "phaser": "^3.16.2"
      }
    },
    "node_modules/phaser-tilemap-plus": {
      "version": "0.10.2",
      "resolved": "https://registry.npmjs.org/phaser-tilemap-plus/-/phaser-tilemap-plus-0.10.2.tgz",
      "integrity": "sha512-GKiEQBfq7oZTlxL4cXTHKSryGv4uumQCJ7at7HfHOU6mQl4Hihfe7pxDnVVDRUcyQK1/DiKb83/kjiMJ01IVQw==",
      "dependencies": {
        "lodash": "^4.17.4",
        "phaser-ce": "^2.9.1",
        "poly-decomp": "^0.2.1"
      }
    },
    "node_modules/poly-decomp": {
      "version": "0.2.1",
      "resolved": "https://registry.npmjs.org/poly-decomp/-/poly-decomp-0.2.1.tgz",
      "integrity": "sha1-pcxAiOnil0Bw+h7iPH4/L8W1Ftg=",
      "engines": {
        "node": "*"
      }
    },
    "node_modules/process": {
      "version": "0.11.10",
      "resolved": "https://registry.npmjs.org/process/-/process-0.11.10.tgz",
      "integrity": "sha1-czIwDoQBYb2j5podHZGn1LwW8YI=",
      "engines": {
        "node": ">= 0.6.0"
      }
    },
    "node_modules/util": {
      "version": "0.10.4",
      "resolved": "https://registry.npmjs.org/util/-/util-0.10.4.tgz",
      "integrity": "sha512-0Pm9hTQ3se5ll1XihRic3FDIku70C+iHUdT/W926rSgHV5QgXsYbKZN8MSC3tJtSkhuROzvsQjAaFENRXr+19A==",
      "dependencies": {
        "inherits": "2.0.3"
      }
    }
  },
  "dependencies": {
    "esm": {
      "version": "3.2.25",
      "resolved": "https://registry.npmjs.org/esm/-/esm-3.2.25.tgz",
      "integrity": "sha512-U1suiZ2oDVWv4zPO56S0NcR5QriEahGtdN2OR6FiOG4WJvcjBVFB0qI4+eKoWFH483PKGuLuu6V8Z4T5g63UVA=="
    },
    "eventemitter3": {
      "version": "4.0.7",
      "resolved": "https://registry.npmjs.org/eventemitter3/-/eventemitter3-4.0.7.tgz",
      "integrity": "sha512-8guHBZCwKnFhYdHr2ysuRWErTwhoN2X8XELRlrRwpmfeY2jjuUN4taQMsULKUVo1K4DvZl+0pgfyoysHxvmvEw=="
    },
    "inherits": {
      "version": "2.0.3",
      "resolved": "https://registry.npmjs.org/inherits/-/inherits-2.0.3.tgz",
      "integrity": "sha1-Yzwsg+PaQqUC9SRmAiSA9CCCYd4="
    },
    "lodash": {
      "version": "4.17.21",
      "resolved": "https://registry.npmjs.org/lodash/-/lodash-4.17.21.tgz",
      "integrity": "sha512-v2kDEe57lecTulaDIuNTPy3Ry4gLGJ6Z1O3vE1krgXZNrsQ+LFTGHVxVjcXPs17LhbZVGedAJv8XZ1tvj5FvSg=="
    },
    "mrpas": {
      "version": "2.0.0",
      "resolved": "https://registry.npmjs.org/mrpas/-/mrpas-2.0.0.tgz",
      "integrity": "sha512-f9Qv0DzYzPfWAIYQWT5zswHen8YDOrQ96KjQ54Nx7Zha8oLCt0c82L/PpmXyAvMNhrciZmQGbvg+m+QaK4B7Uw=="
    },
    "path": {
      "version": "0.12.7",
      "resolved": "https://registry.npmjs.org/path/-/path-0.12.7.tgz",
      "integrity": "sha1-1NwqUGxM4hl+tIHr/NWzbAFAsQ8=",
      "requires": {
        "process": "^0.11.1",
        "util": "^0.10.3"
      }
    },
    "phaser": {
      "version": "3.55.2",
      "resolved": "https://registry.npmjs.org/phaser/-/phaser-3.55.2.tgz",
      "integrity": "sha512-amKXsbb2Ht29dGPKvt1edq3yGGYKtq8373GpJYGKPNPnneYY6MtVTOgjHDuZwtmUyK4v86FugkT3hzW/N4tjxQ==",
      "requires": {
        "eventemitter3": "^4.0.7",
        "path": "^0.12.7"
      }
    },
    "phaser-ce": {
      "version": "2.19.2",
      "resolved": "https://registry.npmjs.org/phaser-ce/-/phaser-ce-2.19.2.tgz",
      "integrity": "sha512-r9xk9e8i+UmHDdgqf+LYpJ8JfbboQcj08nsBebSiTbN5iJGP27kAhiDuzS1ySISyYzMMtxGvlFq4g2ZMgKygoQ=="
    },
    "phaser-component-health": {
      "version": "3.0.0",
      "resolved": "https://registry.npmjs.org/phaser-component-health/-/phaser-component-health-3.0.0.tgz",
      "integrity": "sha512-LWfUbTCQBoWdub/h5p3vOQDjwtqoSeQFiMxJLVsT/LvZ0avNjppLqKGn9SRFPrJFSbVLQTxICeWfG+5hyLLiYw==",
      "requires": {}
    },
    "phaser-tilemap-plus": {
      "version": "0.10.2",
      "resolved": "https://registry.npmjs.org/phaser-tilemap-plus/-/phaser-tilemap-plus-0.10.2.tgz",
      "integrity": "sha512-GKiEQBfq7oZTlxL4cXTHKSryGv4uumQCJ7at7HfHOU6mQl4Hihfe7pxDnVVDRUcyQK1/DiKb83/kjiMJ01IVQw==",
      "requires": {
        "lodash": "^4.17.4",
        "phaser-ce": "^2.9.1",
        "poly-decomp": "^0.2.1"
      }
    },
    "poly-decomp": {
      "version": "0.2.1",
      "resolved": "https://registry.npmjs.org/poly-decomp/-/poly-decomp-0.2.1.tgz",
      "integrity": "sha1-pcxAiOnil0Bw+h7iPH4/L8W1Ftg="
    },
    "process": {
      "version": "0.11.10",
      "resolved": "https://registry.npmjs.org/process/-/process-0.11.10.tgz",
      "integrity": "sha1-czIwDoQBYb2j5podHZGn1LwW8YI="
    },
    "util": {
      "version": "0.10.4",
      "resolved": "https://registry.npmjs.org/util/-/util-0.10.4.tgz",
      "integrity": "sha512-0Pm9hTQ3se5ll1XihRic3FDIku70C+iHUdT/W926rSgHV5QgXsYbKZN8MSC3tJtSkhuROzvsQjAaFENRXr+19A==",
      "requires": {
        "inherits": "2.0.3"
      }
    }
  }
}
